// !$*UTF8*$!
{
	archiveVersion = 1;
	classes = {
	};
	objectVersion = 45;
	objects = {

/* Begin PBXBuildFile section */
		1D60589B0D05DD56006BFB54 /* main.m in Sources */ = {isa = PBXBuildFile; fileRef = 29B97316FDCFA39411CA2CEA /* main.m */; };
		1D60589F0D05DD5A006BFB54 /* Foundation.framework in Frameworks */ = {isa = PBXBuildFile; fileRef = 1D30AB110D05D00D00671497 /* Foundation.framework */; };
		6EEFB94411627E29009B479E /* UIKit.framework in Frameworks */ = {isa = PBXBuildFile; fileRef = 6EEFB94311627E29009B479E /* UIKit.framework */; };
		6EEFBAEC11627F2E009B479E /* CoreGraphics.framework in Frameworks */ = {isa = PBXBuildFile; fileRef = 6EEFBAEB11627F2E009B479E /* CoreGraphics.framework */; };
		E838489C12FD504D0071B806 /* libThree20Network.a in Frameworks */ = {isa = PBXBuildFile; fileRef = E838489112FD50490071B806 /* libThree20Network.a */; };
		E838489D12FD50520071B806 /* libThree20Core.a in Frameworks */ = {isa = PBXBuildFile; fileRef = E838487812FD503E0071B806 /* libThree20Core.a */; };
		E8384BCE12FD50C60071B806 /* dot.png in Resources */ = {isa = PBXBuildFile; fileRef = E8384BCD12FD50C60071B806 /* dot.png */; };
		E8384C1212FD51DF0071B806 /* GDataXMLNode.m in Sources */ = {isa = PBXBuildFile; fileRef = E8384C1112FD51DF0071B806 /* GDataXMLNode.m */; };
		E88D6DF512FD4590001453EA /* QuartzCore.framework in Frameworks */ = {isa = PBXBuildFile; fileRef = E88D6DF412FD4590001453EA /* QuartzCore.framework */; };
		E88D6E3B12FD459A001453EA /* CFNetwork.framework in Frameworks */ = {isa = PBXBuildFile; fileRef = E88D6E3A12FD459A001453EA /* CFNetwork.framework */; };
		E88D6E7A12FD4785001453EA /* libxml2.2.dylib in Frameworks */ = {isa = PBXBuildFile; fileRef = E88D6E7912FD4785001453EA /* libxml2.2.dylib */; };
		E88D6EC912FD49B8001453EA /* MainWindow.xib in Resources */ = {isa = PBXBuildFile; fileRef = E88D6EC412FD49B8001453EA /* MainWindow.xib */; };
		E88D6ECA12FD49B8001453EA /* RadarImageView.xib in Resources */ = {isa = PBXBuildFile; fileRef = E88D6EC512FD49B8001453EA /* RadarImageView.xib */; };
		E88D6ECB12FD49B8001453EA /* RootViewController.xib in Resources */ = {isa = PBXBuildFile; fileRef = E88D6EC612FD49B8001453EA /* RootViewController.xib */; };
		E88D6F0212FD4B8A001453EA /* RadarAppDelegate.m in Sources */ = {isa = PBXBuildFile; fileRef = E88D6EFB12FD4B89001453EA /* RadarAppDelegate.m */; };
		E88D6F0312FD4B8A001453EA /* RadarArea.m in Sources */ = {isa = PBXBuildFile; fileRef = E88D6EFD12FD4B89001453EA /* RadarArea.m */; };
		E88D6F0412FD4B8A001453EA /* RadarImageViewController.m in Sources */ = {isa = PBXBuildFile; fileRef = E88D6EFF12FD4B89001453EA /* RadarImageViewController.m */; };
		E88D6F0512FD4B8A001453EA /* RootViewController.m in Sources */ = {isa = PBXBuildFile; fileRef = E88D6F0112FD4B8A001453EA /* RootViewController.m */; };
/* End PBXBuildFile section */

/* Begin PBXContainerItemProxy section */
		E838487712FD503E0071B806 /* PBXContainerItemProxy */ = {
			isa = PBXContainerItemProxy;
			containerPortal = E838486B12FD503E0071B806 /* Three20Core.xcodeproj */;
			proxyType = 2;
			remoteGlobalIDString = BEF31F3A0F352DF5000DE5D2;
			remoteInfo = Three20Core;
		};
		E838489012FD50490071B806 /* PBXContainerItemProxy */ = {
			isa = PBXContainerItemProxy;
			containerPortal = E838488312FD50490071B806 /* Three20Network.xcodeproj */;
			proxyType = 2;
			remoteGlobalIDString = BEF31F3A0F352DF5000DE5D2;
			remoteInfo = Three20Network;
		};
		E8384BD312FD50F40071B806 /* PBXContainerItemProxy */ = {
			isa = PBXContainerItemProxy;
			containerPortal = E838486B12FD503E0071B806 /* Three20Core.xcodeproj */;
			proxyType = 1;
			remoteGlobalIDString = BEF31F390F352DF5000DE5D2;
			remoteInfo = Three20Core;
		};
		E8384E6D12FD66810071B806 /* PBXContainerItemProxy */ = {
			isa = PBXContainerItemProxy;
			containerPortal = E838488312FD50490071B806 /* Three20Network.xcodeproj */;
			proxyType = 1;
			remoteGlobalIDString = BEF31F390F352DF5000DE5D2;
			remoteInfo = Three20Network;
		};
		E84B817912FD6C230001B96A /* PBXContainerItemProxy */ = {
			isa = PBXContainerItemProxy;
			containerPortal = E838488312FD50490071B806 /* Three20Network.xcodeproj */;
			proxyType = 2;
			remoteGlobalIDString = 662D81EF12630516005851C2 /* libThree20Network-Xcode3.2.5.a */;
			remoteInfo = "Three20Network-Xcode3.2.5";
		};
		E84B817B12FD6C230001B96A /* PBXContainerItemProxy */ = {
			isa = PBXContainerItemProxy;
			containerPortal = E838488312FD50490071B806 /* Three20Network.xcodeproj */;
			proxyType = 2;
			remoteGlobalIDString = 662D821612630527005851C2 /* libThree20Network-Xcode3.2.2.a */;
			remoteInfo = "Three20Network-Xcode3.2.2";
		};
		E84B817D12FD6C230001B96A /* PBXContainerItemProxy */ = {
			isa = PBXContainerItemProxy;
			containerPortal = E838488312FD50490071B806 /* Three20Network.xcodeproj */;
			proxyType = 2;
			remoteGlobalIDString = EB9E6C6210B6A8F800DE563C /* NetworkUnitTests.octest */;
			remoteInfo = Three20NetworkUnitTests;
		};
		E84B817F12FD6C230001B96A /* PBXContainerItemProxy */ = {
			isa = PBXContainerItemProxy;
			containerPortal = E838488312FD50490071B806 /* Three20Network.xcodeproj */;
			proxyType = 2;
			remoteGlobalIDString = 662D81B2126304EB005851C2 /* NetworkUnitTests-Xcode3.2.5.octest */;
			remoteInfo = "Three20NetworkUnitTests-Xcode3.2.5";
		};
		E84B818112FD6C230001B96A /* PBXContainerItemProxy */ = {
			isa = PBXContainerItemProxy;
			containerPortal = E838488312FD50490071B806 /* Three20Network.xcodeproj */;
			proxyType = 2;
			remoteGlobalIDString = 662D81C7126304F3005851C2 /* NetworkUnitTests-Xcode3.2.2.octest */;
			remoteInfo = "Three20NetworkUnitTests-Xcode3.2.2";
		};
		E84B818812FD6C230001B96A /* PBXContainerItemProxy */ = {
			isa = PBXContainerItemProxy;
			containerPortal = E838486B12FD503E0071B806 /* Three20Core.xcodeproj */;
			proxyType = 2;
			remoteGlobalIDString = 6650CAA21262F6E2003FF804 /* libThree20Core-Xcode3.2.5.a */;
			remoteInfo = "Three20Core-Xcode3.2.5";
		};
		E84B818A12FD6C230001B96A /* PBXContainerItemProxy */ = {
			isa = PBXContainerItemProxy;
			containerPortal = E838486B12FD503E0071B806 /* Three20Core.xcodeproj */;
			proxyType = 2;
			remoteGlobalIDString = 66C2E0FC1262F748006DF55A /* libThree20Core-Xcode3.2.2.a */;
			remoteInfo = "Three20Core-Xcode3.2.2";
		};
		E84B818C12FD6C230001B96A /* PBXContainerItemProxy */ = {
			isa = PBXContainerItemProxy;
			containerPortal = E838486B12FD503E0071B806 /* Three20Core.xcodeproj */;
			proxyType = 2;
			remoteGlobalIDString = EB9E6C6210B6A8F800DE563C /* CoreUnitTests.octest */;
			remoteInfo = Three20CoreUnitTests;
		};
		E84B818E12FD6C230001B96A /* PBXContainerItemProxy */ = {
			isa = PBXContainerItemProxy;
			containerPortal = E838486B12FD503E0071B806 /* Three20Core.xcodeproj */;
			proxyType = 2;
			remoteGlobalIDString = 664961641262EE5000C2C80E /* CoreUnitTests-Xcode3.2.5.octest */;
			remoteInfo = "Three20CoreUnitTests-Xcode3.2.5";
		};
		E84B819012FD6C230001B96A /* PBXContainerItemProxy */ = {
			isa = PBXContainerItemProxy;
			containerPortal = E838486B12FD503E0071B806 /* Three20Core.xcodeproj */;
			proxyType = 2;
			remoteGlobalIDString = 66F9A63C1262ED9F0059C2AE /* CoreUnitTests-Xcode3.2.2.octest */;
			remoteInfo = "Three20CoreUnitTests-Xcode3.2.2";
		};
/* End PBXContainerItemProxy section */

/* Begin PBXFileReference section */
		1D30AB110D05D00D00671497 /* Foundation.framework */ = {isa = PBXFileReference; lastKnownFileType = wrapper.framework; name = Foundation.framework; path = System/Library/Frameworks/Foundation.framework; sourceTree = SDKROOT; };
		1D6058910D05DD3D006BFB54 /* Radar.app */ = {isa = PBXFileReference; explicitFileType = wrapper.application; includeInIndex = 0; path = Radar.app; sourceTree = BUILT_PRODUCTS_DIR; };
		29B97316FDCFA39411CA2CEA /* main.m */ = {isa = PBXFileReference; fileEncoding = 4; lastKnownFileType = sourcecode.c.objc; path = main.m; sourceTree = "<group>"; };
		6E645FC01187B30100F08CB1 /* App.xcconfig */ = {isa = PBXFileReference; fileEncoding = 4; lastKnownFileType = text.xcconfig; name = App.xcconfig; path = Configurations/App.xcconfig; sourceTree = "<group>"; };
		6E645FC11187B30100F08CB1 /* Project.xcconfig */ = {isa = PBXFileReference; fileEncoding = 4; lastKnownFileType = text.xcconfig; name = Project.xcconfig; path = Configurations/Project.xcconfig; sourceTree = "<group>"; };
		6EEFB94311627E29009B479E /* UIKit.framework */ = {isa = PBXFileReference; lastKnownFileType = wrapper.framework; name = UIKit.framework; path = System/Library/Frameworks/UIKit.framework; sourceTree = SDKROOT; };
		6EEFBAEB11627F2E009B479E /* CoreGraphics.framework */ = {isa = PBXFileReference; lastKnownFileType = wrapper.framework; name = CoreGraphics.framework; path = System/Library/Frameworks/CoreGraphics.framework; sourceTree = SDKROOT; };
		6EEFBB8B11628138009B479E /* README.mdown */ = {isa = PBXFileReference; fileEncoding = 4; lastKnownFileType = text; path = README.mdown; sourceTree = "<group>"; };
		E838486B12FD503E0071B806 /* Three20Core.xcodeproj */ = {isa = PBXFileReference; lastKnownFileType = "wrapper.pb-project"; name = Three20Core.xcodeproj; path = ../vendor/three20/src/Three20Core/Three20Core.xcodeproj; sourceTree = SOURCE_ROOT; };
		E838488312FD50490071B806 /* Three20Network.xcodeproj */ = {isa = PBXFileReference; lastKnownFileType = "wrapper.pb-project"; name = Three20Network.xcodeproj; path = ../vendor/three20/src/Three20Network/Three20Network.xcodeproj; sourceTree = SOURCE_ROOT; };
		E8384BCD12FD50C60071B806 /* dot.png */ = {isa = PBXFileReference; lastKnownFileType = image.png; path = dot.png; sourceTree = "<group>"; };
		E8384C1012FD51DF0071B806 /* GDataXMLNode.h */ = {isa = PBXFileReference; fileEncoding = 4; lastKnownFileType = sourcecode.c.h; name = GDataXMLNode.h; path = "../vendor/gdata-objectivec-client/Source/XMLSupport/GDataXMLNode.h"; sourceTree = SOURCE_ROOT; };
		E8384C1112FD51DF0071B806 /* GDataXMLNode.m */ = {isa = PBXFileReference; fileEncoding = 4; lastKnownFileType = sourcecode.c.objc; name = GDataXMLNode.m; path = "../vendor/gdata-objectivec-client/Source/XMLSupport/GDataXMLNode.m"; sourceTree = SOURCE_ROOT; };
		E8384C1912FD51FB0071B806 /* GDataDefines.h */ = {isa = PBXFileReference; fileEncoding = 4; lastKnownFileType = sourcecode.c.h; name = GDataDefines.h; path = "../vendor/gdata-objectivec-client/Source/GDataDefines.h"; sourceTree = SOURCE_ROOT; };
		E83C930412FD4EDE00C33ACB /* Radar_Prefix.pch */ = {isa = PBXFileReference; fileEncoding = 4; lastKnownFileType = sourcecode.c.h; name = Radar_Prefix.pch; path = Headers/Radar_Prefix.pch; sourceTree = "<group>"; };
		E88D6DF412FD4590001453EA /* QuartzCore.framework */ = {isa = PBXFileReference; lastKnownFileType = wrapper.framework; name = QuartzCore.framework; path = System/Library/Frameworks/QuartzCore.framework; sourceTree = SDKROOT; };
		E88D6E3A12FD459A001453EA /* CFNetwork.framework */ = {isa = PBXFileReference; lastKnownFileType = wrapper.framework; name = CFNetwork.framework; path = System/Library/Frameworks/CFNetwork.framework; sourceTree = SDKROOT; };
		E88D6E7912FD4785001453EA /* libxml2.2.dylib */ = {isa = PBXFileReference; lastKnownFileType = "compiled.mach-o.dylib"; name = libxml2.2.dylib; path = usr/lib/libxml2.2.dylib; sourceTree = SDKROOT; };
		E88D6EC312FD49B8001453EA /* Info.plist */ = {isa = PBXFileReference; fileEncoding = 4; lastKnownFileType = text.plist.xml; path = Info.plist; sourceTree = "<group>"; };
		E88D6EC412FD49B8001453EA /* MainWindow.xib */ = {isa = PBXFileReference; lastKnownFileType = file.xib; path = MainWindow.xib; sourceTree = "<group>"; };
		E88D6EC512FD49B8001453EA /* RadarImageView.xib */ = {isa = PBXFileReference; lastKnownFileType = file.xib; path = RadarImageView.xib; sourceTree = "<group>"; };
		E88D6EC612FD49B8001453EA /* RootViewController.xib */ = {isa = PBXFileReference; lastKnownFileType = file.xib; path = RootViewController.xib; sourceTree = "<group>"; };
		E88D6EFA12FD4B89001453EA /* RadarAppDelegate.h */ = {isa = PBXFileReference; fileEncoding = 4; lastKnownFileType = sourcecode.c.h; path = RadarAppDelegate.h; sourceTree = "<group>"; };
		E88D6EFB12FD4B89001453EA /* RadarAppDelegate.m */ = {isa = PBXFileReference; fileEncoding = 4; lastKnownFileType = sourcecode.c.objc; path = RadarAppDelegate.m; sourceTree = "<group>"; };
		E88D6EFC12FD4B89001453EA /* RadarArea.h */ = {isa = PBXFileReference; fileEncoding = 4; lastKnownFileType = sourcecode.c.h; path = RadarArea.h; sourceTree = "<group>"; };
		E88D6EFD12FD4B89001453EA /* RadarArea.m */ = {isa = PBXFileReference; fileEncoding = 4; lastKnownFileType = sourcecode.c.objc; path = RadarArea.m; sourceTree = "<group>"; };
		E88D6EFE12FD4B89001453EA /* RadarImageViewController.h */ = {isa = PBXFileReference; fileEncoding = 4; lastKnownFileType = sourcecode.c.h; path = RadarImageViewController.h; sourceTree = "<group>"; };
		E88D6EFF12FD4B89001453EA /* RadarImageViewController.m */ = {isa = PBXFileReference; fileEncoding = 4; lastKnownFileType = sourcecode.c.objc; path = RadarImageViewController.m; sourceTree = "<group>"; };
		E88D6F0012FD4B8A001453EA /* RootViewController.h */ = {isa = PBXFileReference; fileEncoding = 4; lastKnownFileType = sourcecode.c.h; path = RootViewController.h; sourceTree = "<group>"; };
		E88D6F0112FD4B8A001453EA /* RootViewController.m */ = {isa = PBXFileReference; fileEncoding = 4; lastKnownFileType = sourcecode.c.objc; path = RootViewController.m; sourceTree = "<group>"; };
/* End PBXFileReference section */

/* Begin PBXFrameworksBuildPhase section */
		1D60588F0D05DD3D006BFB54 /* Frameworks */ = {
			isa = PBXFrameworksBuildPhase;
			buildActionMask = 2147483647;
			files = (
				1D60589F0D05DD5A006BFB54 /* Foundation.framework in Frameworks */,
				6EEFB94411627E29009B479E /* UIKit.framework in Frameworks */,
				6EEFBAEC11627F2E009B479E /* CoreGraphics.framework in Frameworks */,
				E88D6DF512FD4590001453EA /* QuartzCore.framework in Frameworks */,
				E88D6E3B12FD459A001453EA /* CFNetwork.framework in Frameworks */,
				E88D6E7A12FD4785001453EA /* libxml2.2.dylib in Frameworks */,
				E838489C12FD504D0071B806 /* libThree20Network.a in Frameworks */,
				E838489D12FD50520071B806 /* libThree20Core.a in Frameworks */,
			);
			runOnlyForDeploymentPostprocessing = 0;
		};
/* End PBXFrameworksBuildPhase section */

/* Begin PBXGroup section */
		080E96DDFE201D6D7F000001 /* Classes */ = {
			isa = PBXGroup;
			children = (
				E88D6EFA12FD4B89001453EA /* RadarAppDelegate.h */,
				E88D6EFB12FD4B89001453EA /* RadarAppDelegate.m */,
				E88D6EFC12FD4B89001453EA /* RadarArea.h */,
				E88D6EFD12FD4B89001453EA /* RadarArea.m */,
				E88D6EFE12FD4B89001453EA /* RadarImageViewController.h */,
				E88D6EFF12FD4B89001453EA /* RadarImageViewController.m */,
				E88D6F0012FD4B8A001453EA /* RootViewController.h */,
				E88D6F0112FD4B8A001453EA /* RootViewController.m */,
			);
			path = Classes;
			sourceTree = "<group>";
		};
		19C28FACFE9D520D11CA2CBB /* Products */ = {
			isa = PBXGroup;
			children = (
				1D6058910D05DD3D006BFB54 /* Radar.app */,
			);
			name = Products;
			sourceTree = "<group>";
		};
		29B97314FDCFA39411CA2CEA /* CustomTemplate */ = {
			isa = PBXGroup;
			children = (
				E8384C0F12FD51BC0071B806 /* External */,
				E88D6E7912FD4785001453EA /* libxml2.2.dylib */,
				6EEFBB8B11628138009B479E /* README.mdown */,
				080E96DDFE201D6D7F000001 /* Classes */,
				29B97315FDCFA39411CA2CEA /* Other Sources */,
				6E645FBC1187B2F600F08CB1 /* Configurations */,
				6E645FC61187B37300F08CB1 /* Dependencies */,
				29B97323FDCFA39411CA2CEA /* Frameworks */,
				29B97317FDCFA39411CA2CEA /* Resources */,
				19C28FACFE9D520D11CA2CBB /* Products */,
			);
			name = CustomTemplate;
			sourceTree = "<group>";
		};
		29B97315FDCFA39411CA2CEA /* Other Sources */ = {
			isa = PBXGroup;
			children = (
				E83C930412FD4EDE00C33ACB /* Radar_Prefix.pch */,
				29B97316FDCFA39411CA2CEA /* main.m */,
			);
			name = "Other Sources";
			sourceTree = "<group>";
		};
		29B97317FDCFA39411CA2CEA /* Resources */ = {
			isa = PBXGroup;
			children = (
				E8384BCD12FD50C60071B806 /* dot.png */,
				E88D6EC312FD49B8001453EA /* Info.plist */,
				E88D6EC412FD49B8001453EA /* MainWindow.xib */,
				E88D6EC512FD49B8001453EA /* RadarImageView.xib */,
				E88D6EC612FD49B8001453EA /* RootViewController.xib */,
			);
			name = Resources;
			sourceTree = "<group>";
		};
		29B97323FDCFA39411CA2CEA /* Frameworks */ = {
			isa = PBXGroup;
			children = (
				E88D6E3A12FD459A001453EA /* CFNetwork.framework */,
				E88D6DF412FD4590001453EA /* QuartzCore.framework */,
				1D30AB110D05D00D00671497 /* Foundation.framework */,
				6EEFB94311627E29009B479E /* UIKit.framework */,
				6EEFBAEB11627F2E009B479E /* CoreGraphics.framework */,
			);
			name = Frameworks;
			sourceTree = "<group>";
		};
		6E645FBC1187B2F600F08CB1 /* Configurations */ = {
			isa = PBXGroup;
			children = (
				6E645FC01187B30100F08CB1 /* App.xcconfig */,
				6E645FC11187B30100F08CB1 /* Project.xcconfig */,
			);
			name = Configurations;
			sourceTree = "<group>";
		};
		6E645FC61187B37300F08CB1 /* Dependencies */ = {
			isa = PBXGroup;
			children = (
				E838488312FD50490071B806 /* Three20Network.xcodeproj */,
				E838486B12FD503E0071B806 /* Three20Core.xcodeproj */,
			);
			name = Dependencies;
			sourceTree = "<group>";
		};
		E838486C12FD503E0071B806 /* Products */ = {
			isa = PBXGroup;
			children = (
				E838487812FD503E0071B806 /* libThree20Core.a */,
				E84B818912FD6C230001B96A /* libThree20Core-Xcode3.2.5.a */,
				E84B818B12FD6C230001B96A /* libThree20Core-Xcode3.2.2.a */,
				E84B818D12FD6C230001B96A /* CoreUnitTests.octest */,
				E84B818F12FD6C230001B96A /* CoreUnitTests-Xcode3.2.5.octest */,
				E84B819112FD6C230001B96A /* CoreUnitTests-Xcode3.2.2.octest */,
			);
			name = Products;
			sourceTree = "<group>";
		};
		E838488412FD50490071B806 /* Products */ = {
			isa = PBXGroup;
			children = (
				E838489112FD50490071B806 /* libThree20Network.a */,
				E84B817A12FD6C230001B96A /* libThree20Network-Xcode3.2.5.a */,
				E84B817C12FD6C230001B96A /* libThree20Network-Xcode3.2.2.a */,
				E84B817E12FD6C230001B96A /* NetworkUnitTests.octest */,
				E84B818012FD6C230001B96A /* NetworkUnitTests-Xcode3.2.5.octest */,
				E84B818212FD6C230001B96A /* NetworkUnitTests-Xcode3.2.2.octest */,
			);
			name = Products;
			sourceTree = "<group>";
		};
		E8384C0F12FD51BC0071B806 /* External */ = {
			isa = PBXGroup;
			children = (
				E8384C1912FD51FB0071B806 /* GDataDefines.h */,
				E8384C1012FD51DF0071B806 /* GDataXMLNode.h */,
				E8384C1112FD51DF0071B806 /* GDataXMLNode.m */,
			);
			name = External;
			sourceTree = "<group>";
		};
/* End PBXGroup section */

/* Begin PBXNativeTarget section */
		1D6058900D05DD3D006BFB54 /* Radar */ = {
			isa = PBXNativeTarget;
			buildConfigurationList = 1D6058960D05DD3E006BFB54 /* Build configuration list for PBXNativeTarget "Radar" */;
			buildPhases = (
				1D60588D0D05DD3D006BFB54 /* Resources */,
				1D60588E0D05DD3D006BFB54 /* Sources */,
				1D60588F0D05DD3D006BFB54 /* Frameworks */,
			);
			buildRules = (
			);
			dependencies = (
				E8384BD412FD50F40071B806 /* PBXTargetDependency */,
				E8384E6E12FD66810071B806 /* PBXTargetDependency */,
			);
			name = Radar;
			productName = TTCoreDemo;
			productReference = 1D6058910D05DD3D006BFB54 /* Radar.app */;
			productType = "com.apple.product-type.application";
		};
/* End PBXNativeTarget section */

/* Begin PBXProject section */
		29B97313FDCFA39411CA2CEA /* Project object */ = {
			isa = PBXProject;
			attributes = {
				BuildIndependentTargetsInParallel = YES;
			};
			buildConfigurationList = C01FCF4E08A954540054247B /* Build configuration list for PBXProject "Radar" */;
			compatibilityVersion = "Xcode 3.1";
			developmentRegion = English;
			hasScannedForEncodings = 1;
			knownRegions = (
				English,
				Japanese,
				French,
				German,
			);
			mainGroup = 29B97314FDCFA39411CA2CEA /* CustomTemplate */;
			projectDirPath = "";
			projectReferences = (
				{
					ProductGroup = E838486C12FD503E0071B806 /* Products */;
					ProjectRef = E838486B12FD503E0071B806 /* Three20Core.xcodeproj */;
				},
				{
					ProductGroup = E838488412FD50490071B806 /* Products */;
					ProjectRef = E838488312FD50490071B806 /* Three20Network.xcodeproj */;
				},
			);
			projectRoot = "";
			targets = (
				1D6058900D05DD3D006BFB54 /* Radar */,
			);
		};
/* End PBXProject section */

/* Begin PBXReferenceProxy section */
		E838487812FD503E0071B806 /* libThree20Core.a */ = {
			isa = PBXReferenceProxy;
			fileType = archive.ar;
			path = libThree20Core.a;
			remoteRef = E838487712FD503E0071B806 /* PBXContainerItemProxy */;
			sourceTree = BUILT_PRODUCTS_DIR;
		};
		E838489112FD50490071B806 /* libThree20Network.a */ = {
			isa = PBXReferenceProxy;
			fileType = archive.ar;
			path = libThree20Network.a;
			remoteRef = E838489012FD50490071B806 /* PBXContainerItemProxy */;
			sourceTree = BUILT_PRODUCTS_DIR;
		};
		E84B817A12FD6C230001B96A /* libThree20Network-Xcode3.2.5.a */ = {
			isa = PBXReferenceProxy;
			fileType = archive.ar;
			path = "libThree20Network-Xcode3.2.5.a";
			remoteRef = E84B817912FD6C230001B96A /* PBXContainerItemProxy */;
			sourceTree = BUILT_PRODUCTS_DIR;
		};
		E84B817C12FD6C230001B96A /* libThree20Network-Xcode3.2.2.a */ = {
			isa = PBXReferenceProxy;
			fileType = archive.ar;
			path = "libThree20Network-Xcode3.2.2.a";
			remoteRef = E84B817B12FD6C230001B96A /* PBXContainerItemProxy */;
			sourceTree = BUILT_PRODUCTS_DIR;
		};
		E84B817E12FD6C230001B96A /* NetworkUnitTests.octest */ = {
			isa = PBXReferenceProxy;
			fileType = wrapper.cfbundle;
			path = NetworkUnitTests.octest;
			remoteRef = E84B817D12FD6C230001B96A /* PBXContainerItemProxy */;
			sourceTree = BUILT_PRODUCTS_DIR;
		};
		E84B818012FD6C230001B96A /* NetworkUnitTests-Xcode3.2.5.octest */ = {
			isa = PBXReferenceProxy;
			fileType = wrapper.cfbundle;
			path = "NetworkUnitTests-Xcode3.2.5.octest";
			remoteRef = E84B817F12FD6C230001B96A /* PBXContainerItemProxy */;
			sourceTree = BUILT_PRODUCTS_DIR;
		};
		E84B818212FD6C230001B96A /* NetworkUnitTests-Xcode3.2.2.octest */ = {
			isa = PBXReferenceProxy;
			fileType = wrapper.cfbundle;
			path = "NetworkUnitTests-Xcode3.2.2.octest";
			remoteRef = E84B818112FD6C230001B96A /* PBXContainerItemProxy */;
			sourceTree = BUILT_PRODUCTS_DIR;
		};
		E84B818912FD6C230001B96A /* libThree20Core-Xcode3.2.5.a */ = {
			isa = PBXReferenceProxy;
			fileType = archive.ar;
			path = "libThree20Core-Xcode3.2.5.a";
			remoteRef = E84B818812FD6C230001B96A /* PBXContainerItemProxy */;
			sourceTree = BUILT_PRODUCTS_DIR;
		};
		E84B818B12FD6C230001B96A /* libThree20Core-Xcode3.2.2.a */ = {
			isa = PBXReferenceProxy;
			fileType = archive.ar;
			path = "libThree20Core-Xcode3.2.2.a";
			remoteRef = E84B818A12FD6C230001B96A /* PBXContainerItemProxy */;
			sourceTree = BUILT_PRODUCTS_DIR;
		};
		E84B818D12FD6C230001B96A /* CoreUnitTests.octest */ = {
			isa = PBXReferenceProxy;
			fileType = wrapper.cfbundle;
			path = CoreUnitTests.octest;
			remoteRef = E84B818C12FD6C230001B96A /* PBXContainerItemProxy */;
			sourceTree = BUILT_PRODUCTS_DIR;
		};
		E84B818F12FD6C230001B96A /* CoreUnitTests-Xcode3.2.5.octest */ = {
			isa = PBXReferenceProxy;
			fileType = wrapper.cfbundle;
			path = "CoreUnitTests-Xcode3.2.5.octest";
			remoteRef = E84B818E12FD6C230001B96A /* PBXContainerItemProxy */;
			sourceTree = BUILT_PRODUCTS_DIR;
		};
		E84B819112FD6C230001B96A /* CoreUnitTests-Xcode3.2.2.octest */ = {
			isa = PBXReferenceProxy;
			fileType = wrapper.cfbundle;
			path = "CoreUnitTests-Xcode3.2.2.octest";
			remoteRef = E84B819012FD6C230001B96A /* PBXContainerItemProxy */;
			sourceTree = BUILT_PRODUCTS_DIR;
		};
/* End PBXReferenceProxy section */

/* Begin PBXResourcesBuildPhase section */
		1D60588D0D05DD3D006BFB54 /* Resources */ = {
			isa = PBXResourcesBuildPhase;
			buildActionMask = 2147483647;
			files = (
				E88D6EC912FD49B8001453EA /* MainWindow.xib in Resources */,
				E88D6ECA12FD49B8001453EA /* RadarImageView.xib in Resources */,
				E88D6ECB12FD49B8001453EA /* RootViewController.xib in Resources */,
				E8384BCE12FD50C60071B806 /* dot.png in Resources */,
			);
			runOnlyForDeploymentPostprocessing = 0;
		};
/* End PBXResourcesBuildPhase section */

/* Begin PBXSourcesBuildPhase section */
		1D60588E0D05DD3D006BFB54 /* Sources */ = {
			isa = PBXSourcesBuildPhase;
			buildActionMask = 2147483647;
			files = (
				1D60589B0D05DD56006BFB54 /* main.m in Sources */,
				E88D6F0212FD4B8A001453EA /* RadarAppDelegate.m in Sources */,
				E88D6F0312FD4B8A001453EA /* RadarArea.m in Sources */,
				E88D6F0412FD4B8A001453EA /* RadarImageViewController.m in Sources */,
				E88D6F0512FD4B8A001453EA /* RootViewController.m in Sources */,
				E8384C1212FD51DF0071B806 /* GDataXMLNode.m in Sources */,
			);
			runOnlyForDeploymentPostprocessing = 0;
		};
/* End PBXSourcesBuildPhase section */

/* Begin PBXTargetDependency section */
		E8384BD412FD50F40071B806 /* PBXTargetDependency */ = {
			isa = PBXTargetDependency;
			name = Three20Core;
			targetProxy = E8384BD312FD50F40071B806 /* PBXContainerItemProxy */;
		};
		E8384E6E12FD66810071B806 /* PBXTargetDependency */ = {
			isa = PBXTargetDependency;
			name = Three20Network;
			targetProxy = E8384E6D12FD66810071B806 /* PBXContainerItemProxy */;
		};
/* End PBXTargetDependency section */

/* Begin XCBuildConfiguration section */
		1D6058940D05DD3E006BFB54 /* Debug */ = {
			isa = XCBuildConfiguration;
			baseConfigurationReference = 6E645FC01187B30100F08CB1 /* App.xcconfig */;
			buildSettings = {
				COPY_PHASE_STRIP = NO;
				GCC_DYNAMIC_NO_PIC = NO;
				GCC_OPTIMIZATION_LEVEL = 0;
				GCC_PREPROCESSOR_DEFINITIONS = DEBUG;
				HEADER_SEARCH_PATHS = (
					"$(STDLIB_HEADERS)",
					"$(SDKROOT)/usr/include/libxml2//**",
					"\"$(CONFIGURATION_BUILD_DIR)/../../../vendor/three20/Build/Products/three20/**",
				);
				INFOPLIST_FILE = Info.plist;
				LIBRARY_SEARCH_PATHS = (
					"$(inherited)",
					"\"$(SRCROOT)\"",
				);
				PRODUCT_NAME = Radar;
				SDKROOT = iphoneos4.2;
			};
			name = Debug;
		};
		1D6058950D05DD3E006BFB54 /* Release */ = {
			isa = XCBuildConfiguration;
			baseConfigurationReference = 6E645FC01187B30100F08CB1 /* App.xcconfig */;
			buildSettings = {
				COPY_PHASE_STRIP = YES;
				INFOPLIST_FILE = "Radar-Info.plist";
				LIBRARY_SEARCH_PATHS = (
					"$(inherited)",
					"\"$(SRCROOT)\"",
				);
				PRODUCT_NAME = Radar;
				SDKROOT = iphoneos4.1;
			};
			name = Release;
		};
		C01FCF4F08A954540054247B /* Debug */ = {
			isa = XCBuildConfiguration;
			baseConfigurationReference = 6E645FC11187B30100F08CB1 /* Project.xcconfig */;
			buildSettings = {
				"CODE_SIGN_IDENTITY[sdk=iphoneos*]" = "iPhone Developer";
				GCC_C_LANGUAGE_STANDARD = c99;
				GCC_WARN_ABOUT_RETURN_TYPE = YES;
				GCC_WARN_UNUSED_VARIABLE = YES;
				HEADER_SEARCH_PATHS = (
					"$(SDKROOT)/usr/include/libxml2/**",
					"$(STDLIB_HEADERS)",
					"\"$(CONFIGURATION_BUILD_DIR)/../three20\"",
				);
				IPHONEOS_DEPLOYMENT_TARGET = 4.1;
				OTHER_LDFLAGS = "-lxml2";
				PREBINDING = NO;
				SDKROOT = iphoneos4.2;
			};
			name = Debug;
		};
		C01FCF5008A954540054247B /* Release */ = {
			isa = XCBuildConfiguration;
			baseConfigurationReference = 6E645FC11187B30100F08CB1 /* Project.xcconfig */;
			buildSettings = {
				"CODE_SIGN_IDENTITY[sdk=iphoneos*]" = "iPhone Developer";
				GCC_C_LANGUAGE_STANDARD = c99;
				GCC_WARN_ABOUT_RETURN_TYPE = YES;
				GCC_WARN_UNUSED_VARIABLE = YES;
				PREBINDING = NO;
			};
			name = Release;
		};
/* End XCBuildConfiguration section */

/* Begin XCConfigurationList section */
		1D6058960D05DD3E006BFB54 /* Build configuration list for PBXNativeTarget "Radar" */ = {
			isa = XCConfigurationList;
			buildConfigurations = (
				1D6058940D05DD3E006BFB54 /* Debug */,
				1D6058950D05DD3E006BFB54 /* Release */,
			);
			defaultConfigurationIsVisible = 0;
			defaultConfigurationName = Release;
		};
		C01FCF4E08A954540054247B /* Build configuration list for PBXProject "Radar" */ = {
			isa = XCConfigurationList;
			buildConfigurations = (
				C01FCF4F08A954540054247B /* Debug */,
				C01FCF5008A954540054247B /* Release */,
			);
			defaultConfigurationIsVisible = 0;
			defaultConfigurationName = Release;
		};
/* End XCConfigurationList section */
	};
	rootObject = 29B97313FDCFA39411CA2CEA /* Project object */;
}
